Microsoft Visual Studio Solution File, Format Version 12.00
# Visual Studio Version 17
VisualStudioVersion = 17.5.2.0
MinimumVisualStudioVersion = 10.0.40219.1
Project("{FAE04EC0-301F-11D3-BF4B-00C04F79EFBC}") = "jbscouros-aulas", "jbscouros-aulas.csproj", "{E00F775F-F43F-1569-7A07-BA9D23565B3E}"
EndProject
Global
	GlobalSection(SolutionConfigurationPlatforms) = preSolution
		Debug|Any CPU = Debug|Any CPU
		Release|Any CPU = Release|Any CPU
	EndGlobalSection
	GlobalSection(ProjectConfigurationPlatforms) = postSolution
		{E00F775F-F43F-1569-7A07-BA9D23565B3E}.Debug|Any CPU.ActiveCfg = Debug|Any CPU
		{E00F775F-F43F-1569-7A07-BA9D23565B3E}.Debug|Any CPU.Build.0 = Debug|Any CPU
		{E00F775F-F43F-1569-7A07-BA9D23565B3E}.Release|Any CPU.ActiveCfg = Release|Any CPU
		{E00F775F-F43F-1569-7A07-BA9D23565B3E}.Release|Any CPU.Build.0 = Release|Any CPU
	EndGlobalSection
	GlobalSection(SolutionProperties) = preSolution
		HideSolutionNode = FALSE
	EndGlobalSection
	GlobalSection(ExtensibilityGlobals) = postSolution
		SolutionGuid = {0D528BB5-249B-4B64-8189-C5D5323C5D62}
	EndGlobalSection
EndGlobal
